
Microsoft Visual Studio Solution File, Format Version 12.00
# Visual Studio Version 17
VisualStudioVersion = 17.14.36811.4 d17.14
MinimumVisualStudioVersion = 10.0.40219.1
Project("{FAE04EC0-301F-11D3-BF4B-00C04F79EFBC}") = "Lab456.Core", "Lab456.Core.csproj", "{7119CA8B-1265-4B4F-BDE7-832B8F8877BF}"
EndProject
Project("{FAE04EC0-301F-11D3-BF4B-00C04F79EFBC}") = "WinFormsApp", "..\WinFormsApp\WinFormsApp.csproj", "{B93E71CB-3389-4FCD-AAF9-DFD52EBBE729}"
EndProject
Project("{FAE04EC0-301F-11D3-BF4B-00C04F79EFBC}") = "TestProject1", "..\TestProject1\TestProject1.csproj", "{B9E083BF-0302-4FE2-B315-85F0CE1B34A1}"
EndProject
Global
	GlobalSection(SolutionConfigurationPlatforms) = preSolution
		Debug|Any CPU = Debug|Any CPU
		Release|Any CPU = Release|Any CPU
	EndGlobalSection
	GlobalSection(ProjectConfigurationPlatforms) = postSolution
		{7119CA8B-1265-4B4F-BDE7-832B8F8877BF}.Debug|Any CPU.ActiveCfg = Debug|Any CPU
		{7119CA8B-1265-4B4F-BDE7-832B8F8877BF}.Debug|Any CPU.Build.0 = Debug|Any CPU
		{7119CA8B-1265-4B4F-BDE7-832B8F8877BF}.Release|Any CPU.ActiveCfg = Release|Any CPU
		{7119CA8B-1265-4B4F-BDE7-832B8F8877BF}.Release|Any CPU.Build.0 = Release|Any CPU
		{B93E71CB-3389-4FCD-AAF9-DFD52EBBE729}.Debug|Any CPU.ActiveCfg = Debug|Any CPU
		{B93E71CB-3389-4FCD-AAF9-DFD52EBBE729}.Debug|Any CPU.Build.0 = Debug|Any CPU
		{B93E71CB-3389-4FCD-AAF9-DFD52EBBE729}.Release|Any CPU.ActiveCfg = Release|Any CPU
		{B93E71CB-3389-4FCD-AAF9-DFD52EBBE729}.Release|Any CPU.Build.0 = Release|Any CPU
		{B9E083BF-0302-4FE2-B315-85F0CE1B34A1}.Debug|Any CPU.ActiveCfg = Debug|Any CPU
		{B9E083BF-0302-4FE2-B315-85F0CE1B34A1}.Debug|Any CPU.Build.0 = Debug|Any CPU
		{B9E083BF-0302-4FE2-B315-85F0CE1B34A1}.Release|Any CPU.ActiveCfg = Release|Any CPU
		{B9E083BF-0302-4FE2-B315-85F0CE1B34A1}.Release|Any CPU.Build.0 = Release|Any CPU
	EndGlobalSection
	GlobalSection(SolutionProperties) = preSolution
		HideSolutionNode = FALSE
	EndGlobalSection
	GlobalSection(ExtensibilityGlobals) = postSolution
		SolutionGuid = {5DAB30DB-C9C9-4A78-A541-C2BE9178A830}
	EndGlobalSection
EndGlobal
